
Microsoft Visual Studio Solution File, Format Version 12.00
# Visual Studio Version 17
VisualStudioVersion = 17.11.35219.272
MinimumVisualStudioVersion = 10.0.40219.1
Project("{FAE04EC0-301F-11D3-BF4B-00C04F79EFBC}") = "SearchRankChecker.Api", "SearchRankChecker.Api\SearchRankChecker.Api.csproj", "{E611D0FC-7962-4E24-A446-9145C932FDB5}"
EndProject
Project("{9A19103F-16F7-4668-BE54-9A1E7A4F7556}") = "SearchRankChecker.Tests", "SearchRankChecker.Tests\SearchRankChecker.Tests.csproj", "{0D911F4F-F839-4E22-8668-7C60BBE24D2A}"
EndProject
Global
	GlobalSection(SolutionConfigurationPlatforms) = preSolution
		Debug|Any CPU = Debug|Any CPU
		Release|Any CPU = Release|Any CPU
	EndGlobalSection
	GlobalSection(ProjectConfigurationPlatforms) = postSolution
		{E611D0FC-7962-4E24-A446-9145C932FDB5}.Debug|Any CPU.ActiveCfg = Debug|Any CPU
		{E611D0FC-7962-4E24-A446-9145C932FDB5}.Debug|Any CPU.Build.0 = Debug|Any CPU
		{E611D0FC-7962-4E24-A446-9145C932FDB5}.Release|Any CPU.ActiveCfg = Release|Any CPU
		{E611D0FC-7962-4E24-A446-9145C932FDB5}.Release|Any CPU.Build.0 = Release|Any CPU
		{0D911F4F-F839-4E22-8668-7C60BBE24D2A}.Debug|Any CPU.ActiveCfg = Debug|Any CPU
		{0D911F4F-F839-4E22-8668-7C60BBE24D2A}.Debug|Any CPU.Build.0 = Debug|Any CPU
		{0D911F4F-F839-4E22-8668-7C60BBE24D2A}.Release|Any CPU.ActiveCfg = Release|Any CPU
		{0D911F4F-F839-4E22-8668-7C60BBE24D2A}.Release|Any CPU.Build.0 = Release|Any CPU
	EndGlobalSection
	GlobalSection(SolutionProperties) = preSolution
		HideSolutionNode = FALSE
	EndGlobalSection
	GlobalSection(ExtensibilityGlobals) = postSolution
		SolutionGuid = {7DAE88DB-9AA3-460D-99C9-3FE1A7858E28}
	EndGlobalSection
EndGlobal
